
Microsoft Visual Studio Solution File, Format Version 12.00
# Visual Studio Version 16
VisualStudioVersion = 16.0.29911.84
MinimumVisualStudioVersion = 10.0.40219.1
Project("{FAE04EC0-301F-11D3-BF4B-00C04F79EFBC}") = "Lab7_POO_DiegoPinochet", "Lab7_POO_DiegoPinochet.csproj", "{70F4AC85-0FAD-4C44-B433-1898FAF3D92B}"
EndProject
Project("{FAE04EC0-301F-11D3-BF4B-00C04F79EFBC}") = "Modelos", "..\Modelos\Modelos.csproj", "{E76ECFCD-8C0D-4321-B37A-0C2B15AE662B}"
EndProject
Global
	GlobalSection(SolutionConfigurationPlatforms) = preSolution
		Debug|Any CPU = Debug|Any CPU
		Release|Any CPU = Release|Any CPU
	EndGlobalSection
	GlobalSection(ProjectConfigurationPlatforms) = postSolution
		{70F4AC85-0FAD-4C44-B433-1898FAF3D92B}.Debug|Any CPU.ActiveCfg = Debug|Any CPU
		{70F4AC85-0FAD-4C44-B433-1898FAF3D92B}.Debug|Any CPU.Build.0 = Debug|Any CPU
		{70F4AC85-0FAD-4C44-B433-1898FAF3D92B}.Release|Any CPU.ActiveCfg = Release|Any CPU
		{70F4AC85-0FAD-4C44-B433-1898FAF3D92B}.Release|Any CPU.Build.0 = Release|Any CPU
		{E76ECFCD-8C0D-4321-B37A-0C2B15AE662B}.Debug|Any CPU.ActiveCfg = Debug|Any CPU
		{E76ECFCD-8C0D-4321-B37A-0C2B15AE662B}.Debug|Any CPU.Build.0 = Debug|Any CPU
		{E76ECFCD-8C0D-4321-B37A-0C2B15AE662B}.Release|Any CPU.ActiveCfg = Release|Any CPU
		{E76ECFCD-8C0D-4321-B37A-0C2B15AE662B}.Release|Any CPU.Build.0 = Release|Any CPU
	EndGlobalSection
	GlobalSection(SolutionProperties) = preSolution
		HideSolutionNode = FALSE
	EndGlobalSection
	GlobalSection(ExtensibilityGlobals) = postSolution
		SolutionGuid = {EDA136E0-29CD-44BC-BCD8-3451940129DC}
	EndGlobalSection
EndGlobal
